
Microsoft Visual Studio Solution File, Format Version 12.00
# Visual Studio Version 17
VisualStudioVersion = 17.5.33414.496
MinimumVisualStudioVersion = 10.0.40219.1
Project("{FAE04EC0-301F-11D3-BF4B-00C04F79EFBC}") = "robot", "robot\robot.csproj", "{0C6E47B7-78F6-4802-8EC5-E735A28B5FEC}"
EndProject
Global
	GlobalSection(SolutionConfigurationPlatforms) = preSolution
		Debug|Any CPU = Debug|Any CPU
		Release|Any CPU = Release|Any CPU
	EndGlobalSection
	GlobalSection(ProjectConfigurationPlatforms) = postSolution
		{0C6E47B7-78F6-4802-8EC5-E735A28B5FEC}.Debug|Any CPU.ActiveCfg = Debug|Any CPU
		{0C6E47B7-78F6-4802-8EC5-E735A28B5FEC}.Debug|Any CPU.Build.0 = Debug|Any CPU
		{0C6E47B7-78F6-4802-8EC5-E735A28B5FEC}.Release|Any CPU.ActiveCfg = Release|Any CPU
		{0C6E47B7-78F6-4802-8EC5-E735A28B5FEC}.Release|Any CPU.Build.0 = Release|Any CPU
	EndGlobalSection
	GlobalSection(SolutionProperties) = preSolution
		HideSolutionNode = FALSE
	EndGlobalSection
	GlobalSection(ExtensibilityGlobals) = postSolution
		SolutionGuid = {CEC13AC5-5002-4A91-9854-1A84D6E60B9E}
	EndGlobalSection
EndGlobal
